
Microsoft Visual Studio Solution File, Format Version 12.00
# Visual Studio 14
VisualStudioVersion = 14.0.23107.0
MinimumVisualStudioVersion = 10.0.40219.1
Project("{FAE04EC0-301F-11D3-BF4B-00C04F79EFBC}") = "DriveErrorTest", "DriveErrorTest\DriveErrorTest.csproj", "{74859197-370E-47C4-A43E-2E8E10C98A2A}"
EndProject
Global
	GlobalSection(SolutionConfigurationPlatforms) = preSolution
		Debug|Any CPU = Debug|Any CPU
		Release|Any CPU = Release|Any CPU
	EndGlobalSection
	GlobalSection(ProjectConfigurationPlatforms) = postSolution
		{74859197-370E-47C4-A43E-2E8E10C98A2A}.Debug|Any CPU.ActiveCfg = Debug|Any CPU
		{74859197-370E-47C4-A43E-2E8E10C98A2A}.Debug|Any CPU.Build.0 = Debug|Any CPU
		{74859197-370E-47C4-A43E-2E8E10C98A2A}.Release|Any CPU.ActiveCfg = Release|Any CPU
		{74859197-370E-47C4-A43E-2E8E10C98A2A}.Release|Any CPU.Build.0 = Release|Any CPU
	EndGlobalSection
	GlobalSection(SolutionProperties) = preSolution
		HideSolutionNode = FALSE
	EndGlobalSection
EndGlobal
